
Microsoft Visual Studio Solution File, Format Version 12.00
# Visual Studio 2012
Project("{FAE04EC0-301F-11D3-BF4B-00C04F79EFBC}") = "BasicNHibernateRestfulApi", "BasicNHibernateRestfulApi\BasicNHibernateRestfulApi.csproj", "{412A75E4-548F-428F-AD1B-26A5C8EA67F4}"
EndProject
Project("{FAE04EC0-301F-11D3-BF4B-00C04F79EFBC}") = "BasicNHibernateRestfulApi.Tests", "BasicNHibernateRestfulApi.Tests\BasicNHibernateRestfulApi.Tests.csproj", "{38C6FA44-BF0A-4D3B-87F4-6F27817484FD}"
EndProject
Global
	GlobalSection(SolutionConfigurationPlatforms) = preSolution
		Debug|Any CPU = Debug|Any CPU
		Release|Any CPU = Release|Any CPU
	EndGlobalSection
	GlobalSection(ProjectConfigurationPlatforms) = postSolution
		{412A75E4-548F-428F-AD1B-26A5C8EA67F4}.Debug|Any CPU.ActiveCfg = Debug|Any CPU
		{412A75E4-548F-428F-AD1B-26A5C8EA67F4}.Debug|Any CPU.Build.0 = Debug|Any CPU
		{412A75E4-548F-428F-AD1B-26A5C8EA67F4}.Release|Any CPU.ActiveCfg = Release|Any CPU
		{412A75E4-548F-428F-AD1B-26A5C8EA67F4}.Release|Any CPU.Build.0 = Release|Any CPU
		{38C6FA44-BF0A-4D3B-87F4-6F27817484FD}.Debug|Any CPU.ActiveCfg = Debug|Any CPU
		{38C6FA44-BF0A-4D3B-87F4-6F27817484FD}.Debug|Any CPU.Build.0 = Debug|Any CPU
		{38C6FA44-BF0A-4D3B-87F4-6F27817484FD}.Release|Any CPU.ActiveCfg = Release|Any CPU
		{38C6FA44-BF0A-4D3B-87F4-6F27817484FD}.Release|Any CPU.Build.0 = Release|Any CPU
	EndGlobalSection
	GlobalSection(SolutionProperties) = preSolution
		HideSolutionNode = FALSE
	EndGlobalSection
EndGlobal
